// !$*UTF8*$!
{
	archiveVersion = 1;
	classes = {
	};
	objectVersion = 56;
	objects = {

/* Begin PBXBuildFile section */
		882738D62B1682AA003EA597 /* ContenuView.swift in Sources */ = {isa = PBXBuildFile; fileRef = 882738D52B1682AA003EA597 /* ContenuView.swift */; };
		882738DA2B16A6D1003EA597 /* CommentsView.swift in Sources */ = {isa = PBXBuildFile; fileRef = 882738D92B16A6D1003EA597 /* CommentsView.swift */; };
		882738DC2B16A7B7003EA597 /* Commentaire.swift in Sources */ = {isa = PBXBuildFile; fileRef = 882738DB2B16A7B7003EA597 /* Commentaire.swift */; };
		882738E02B16A862003EA597 /* CommentCardView.swift in Sources */ = {isa = PBXBuildFile; fileRef = 882738DF2B16A862003EA597 /* CommentCardView.swift */; };
		882738E22B16C1F0003EA597 /* FavoriView.swift in Sources */ = {isa = PBXBuildFile; fileRef = 882738E12B16C1F0003EA597 /* FavoriView.swift */; };
		8855E2AA2B17C4FD003D29A3 /* FavoriCardView.swift in Sources */ = {isa = PBXBuildFile; fileRef = 8855E2A92B17C4FC003D29A3 /* FavoriCardView.swift */; };
		887544782B164B0B0027BD33 /* CoursCardView.swift in Sources */ = {isa = PBXBuildFile; fileRef = 887544772B164B0B0027BD33 /* CoursCardView.swift */; };
		8875447A2B164E930027BD33 /* CoursView.swift in Sources */ = {isa = PBXBuildFile; fileRef = 887544792B164E930027BD33 /* CoursView.swift */; };
		8875447C2B1657550027BD33 /* ContenuCardView.swift in Sources */ = {isa = PBXBuildFile; fileRef = 8875447B2B1657550027BD33 /* ContenuCardView.swift */; };
		888C97F12B1A40D2000CE560 /* ProgramViewModel.swift in Sources */ = {isa = PBXBuildFile; fileRef = 888C97F02B1A40D2000CE560 /* ProgramViewModel.swift */; };
		889490CE2B15365F006CF4DB /* Program.swift in Sources */ = {isa = PBXBuildFile; fileRef = 889490CD2B15365F006CF4DB /* Program.swift */; };
		889490D42B154343006CF4DB /* ProgramView.swift in Sources */ = {isa = PBXBuildFile; fileRef = 889490D32B154343006CF4DB /* ProgramView.swift */; };
		889490D62B1550F7006CF4DB /* ProgramCardView.swift in Sources */ = {isa = PBXBuildFile; fileRef = 889490D52B1550F7006CF4DB /* ProgramCardView.swift */; };
		889490D82B155B31006CF4DB /* Cours.swift in Sources */ = {isa = PBXBuildFile; fileRef = 889490D72B155B31006CF4DB /* Cours.swift */; };
		889490E22B1567FC006CF4DB /* CoursViewModel.swift in Sources */ = {isa = PBXBuildFile; fileRef = 889490E12B1567FC006CF4DB /* CoursViewModel.swift */; };
		930F49912AFCD52A0094A97E /* IOS_SafeGuardApp.swift in Sources */ = {isa = PBXBuildFile; fileRef = 930F49902AFCD52A0094A97E /* IOS_SafeGuardApp.swift */; };
		930F49952AFCD52B0094A97E /* Assets.xcassets in Resources */ = {isa = PBXBuildFile; fileRef = 930F49942AFCD52B0094A97E /* Assets.xcassets */; };
		930F49982AFCD52B0094A97E /* Preview Assets.xcassets in Resources */ = {isa = PBXBuildFile; fileRef = 930F49972AFCD52B0094A97E /* Preview Assets.xcassets */; };
		930F49A22AFCD52B0094A97E /* IOS_SafeGuardTests.swift in Sources */ = {isa = PBXBuildFile; fileRef = 930F49A12AFCD52B0094A97E /* IOS_SafeGuardTests.swift */; };
		930F49AC2AFCD52B0094A97E /* IOS_SafeGuardUITests.swift in Sources */ = {isa = PBXBuildFile; fileRef = 930F49AB2AFCD52B0094A97E /* IOS_SafeGuardUITests.swift */; };
		930F49AE2AFCD52B0094A97E /* IOS_SafeGuardUITestsLaunchTests.swift in Sources */ = {isa = PBXBuildFile; fileRef = 930F49AD2AFCD52B0094A97E /* IOS_SafeGuardUITestsLaunchTests.swift */; };
		930F49C32AFCD9CC0094A97E /* SignUpViewModel.swift in Sources */ = {isa = PBXBuildFile; fileRef = 930F49C22AFCD9CC0094A97E /* SignUpViewModel.swift */; };
		93DA559D2B13C6720046548B /* SignInView.swift in Sources */ = {isa = PBXBuildFile; fileRef = 93DA559C2B13C6720046548B /* SignInView.swift */; };
		93DA55A52B1402B30046548B /* SignUpView.swift in Sources */ = {isa = PBXBuildFile; fileRef = 93DA55A42B1402B30046548B /* SignUpView.swift */; };
		93DA55A72B1411CB0046548B /* NetworkConstants.swift in Sources */ = {isa = PBXBuildFile; fileRef = 93DA55A62B1411CB0046548B /* NetworkConstants.swift */; };
		93DA55A92B14122C0046548B /* NetworkError.swift in Sources */ = {isa = PBXBuildFile; fileRef = 93DA55A82B14122B0046548B /* NetworkError.swift */; };
		93DA55AD2B1415A00046548B /* Login.swift in Sources */ = {isa = PBXBuildFile; fileRef = 93DA55AC2B1415A00046548B /* Login.swift */; };
		93DA55B32B1420D70046548B /* APIService.swift in Sources */ = {isa = PBXBuildFile; fileRef = 93DA55B22B1420D70046548B /* APIService.swift */; };
		93DA55B92B142D040046548B /* UserRepository.swift in Sources */ = {isa = PBXBuildFile; fileRef = 93DA55B82B142D040046548B /* UserRepository.swift */; };
		93DA55BB2B142D230046548B /* UserRepositoryImpl.swift in Sources */ = {isa = PBXBuildFile; fileRef = 93DA55BA2B142D230046548B /* UserRepositoryImpl.swift */; };
		93DA55BD2B1451390046548B /* WebServiceProvider.swift in Sources */ = {isa = PBXBuildFile; fileRef = 93DA55BC2B1451380046548B /* WebServiceProvider.swift */; };
		93E9CF212B14FF87007A147E /* DisplayUserProfileView.swift in Sources */ = {isa = PBXBuildFile; fileRef = 93E9CF202B14FF87007A147E /* DisplayUserProfileView.swift */; };
		93E9CF232B15081D007A147E /* SplashScreenView.swift in Sources */ = {isa = PBXBuildFile; fileRef = 93E9CF222B15081D007A147E /* SplashScreenView.swift */; };
		93E9CF262B15103A007A147E /* Kingfisher in Frameworks */ = {isa = PBXBuildFile; productRef = 93E9CF252B15103A007A147E /* Kingfisher */; };
		93F3921A2B12C83700A63B62 /* UserEndPoint.swift in Sources */ = {isa = PBXBuildFile; fileRef = 93F392192B12C83700A63B62 /* UserEndPoint.swift */; };
		93F3921C2B12C85D00A63B62 /* APIManager.swift in Sources */ = {isa = PBXBuildFile; fileRef = 93F3921B2B12C85D00A63B62 /* APIManager.swift */; };
		93F3921E2B12C87E00A63B62 /* User.swift in Sources */ = {isa = PBXBuildFile; fileRef = 93F3921D2B12C87E00A63B62 /* User.swift */; };
/* End PBXBuildFile section */

/* Begin PBXContainerItemProxy section */
		930F499E2AFCD52B0094A97E /* PBXContainerItemProxy */ = {
			isa = PBXContainerItemProxy;
			containerPortal = 930F49852AFCD52A0094A97E /* Project object */;
			proxyType = 1;
			remoteGlobalIDString = 930F498C2AFCD52A0094A97E;
			remoteInfo = IOS_SafeGuard;
		};
		930F49A82AFCD52B0094A97E /* PBXContainerItemProxy */ = {
			isa = PBXContainerItemProxy;
			containerPortal = 930F49852AFCD52A0094A97E /* Project object */;
			proxyType = 1;
			remoteGlobalIDString = 930F498C2AFCD52A0094A97E;
			remoteInfo = IOS_SafeGuard;
		};
/* End PBXContainerItemProxy section */

/* Begin PBXFileReference section */
		882738D52B1682AA003EA597 /* ContenuView.swift */ = {isa = PBXFileReference; lastKnownFileType = sourcecode.swift; path = ContenuView.swift; sourceTree = "<group>"; };
		882738D92B16A6D1003EA597 /* CommentsView.swift */ = {isa = PBXFileReference; lastKnownFileType = sourcecode.swift; path = CommentsView.swift; sourceTree = "<group>"; };
		882738DB2B16A7B7003EA597 /* Commentaire.swift */ = {isa = PBXFileReference; lastKnownFileType = sourcecode.swift; path = Commentaire.swift; sourceTree = "<group>"; };
		882738DF2B16A862003EA597 /* CommentCardView.swift */ = {isa = PBXFileReference; lastKnownFileType = sourcecode.swift; path = CommentCardView.swift; sourceTree = "<group>"; };
		882738E12B16C1F0003EA597 /* FavoriView.swift */ = {isa = PBXFileReference; lastKnownFileType = sourcecode.swift; path = FavoriView.swift; sourceTree = "<group>"; };
		8855E2A92B17C4FC003D29A3 /* FavoriCardView.swift */ = {isa = PBXFileReference; lastKnownFileType = sourcecode.swift; path = FavoriCardView.swift; sourceTree = "<group>"; };
		887544772B164B0B0027BD33 /* CoursCardView.swift */ = {isa = PBXFileReference; lastKnownFileType = sourcecode.swift; path = CoursCardView.swift; sourceTree = "<group>"; };
		887544792B164E930027BD33 /* CoursView.swift */ = {isa = PBXFileReference; lastKnownFileType = sourcecode.swift; path = CoursView.swift; sourceTree = "<group>"; };
		8875447B2B1657550027BD33 /* ContenuCardView.swift */ = {isa = PBXFileReference; lastKnownFileType = sourcecode.swift; path = ContenuCardView.swift; sourceTree = "<group>"; };
		888C97F02B1A40D2000CE560 /* ProgramViewModel.swift */ = {isa = PBXFileReference; lastKnownFileType = sourcecode.swift; path = ProgramViewModel.swift; sourceTree = "<group>"; };
		889490CD2B15365F006CF4DB /* Program.swift */ = {isa = PBXFileReference; lastKnownFileType = sourcecode.swift; path = Program.swift; sourceTree = "<group>"; };
		889490D32B154343006CF4DB /* ProgramView.swift */ = {isa = PBXFileReference; lastKnownFileType = sourcecode.swift; path = ProgramView.swift; sourceTree = "<group>"; };
		889490D52B1550F7006CF4DB /* ProgramCardView.swift */ = {isa = PBXFileReference; lastKnownFileType = sourcecode.swift; path = ProgramCardView.swift; sourceTree = "<group>"; };
		889490D72B155B31006CF4DB /* Cours.swift */ = {isa = PBXFileReference; lastKnownFileType = sourcecode.swift; path = Cours.swift; sourceTree = "<group>"; };
		889490E12B1567FC006CF4DB /* CoursViewModel.swift */ = {isa = PBXFileReference; lastKnownFileType = sourcecode.swift; path = CoursViewModel.swift; sourceTree = "<group>"; };
		930F498D2AFCD52A0094A97E /* IOS_SafeGuard.app */ = {isa = PBXFileReference; explicitFileType = wrapper.application; includeInIndex = 0; path = IOS_SafeGuard.app; sourceTree = BUILT_PRODUCTS_DIR; };
		930F49902AFCD52A0094A97E /* IOS_SafeGuardApp.swift */ = {isa = PBXFileReference; lastKnownFileType = sourcecode.swift; path = IOS_SafeGuardApp.swift; sourceTree = "<group>"; };
		930F49942AFCD52B0094A97E /* Assets.xcassets */ = {isa = PBXFileReference; lastKnownFileType = folder.assetcatalog; path = Assets.xcassets; sourceTree = "<group>"; };
		930F49972AFCD52B0094A97E /* Preview Assets.xcassets */ = {isa = PBXFileReference; lastKnownFileType = folder.assetcatalog; path = "Preview Assets.xcassets"; sourceTree = "<group>"; };
		930F499D2AFCD52B0094A97E /* IOS_SafeGuardTests.xctest */ = {isa = PBXFileReference; explicitFileType = wrapper.cfbundle; includeInIndex = 0; path = IOS_SafeGuardTests.xctest; sourceTree = BUILT_PRODUCTS_DIR; };
		930F49A12AFCD52B0094A97E /* IOS_SafeGuardTests.swift */ = {isa = PBXFileReference; lastKnownFileType = sourcecode.swift; path = IOS_SafeGuardTests.swift; sourceTree = "<group>"; };
		930F49A72AFCD52B0094A97E /* IOS_SafeGuardUITests.xctest */ = {isa = PBXFileReference; explicitFileType = wrapper.cfbundle; includeInIndex = 0; path = IOS_SafeGuardUITests.xctest; sourceTree = BUILT_PRODUCTS_DIR; };
		930F49AB2AFCD52B0094A97E /* IOS_SafeGuardUITests.swift */ = {isa = PBXFileReference; lastKnownFileType = sourcecode.swift; path = IOS_SafeGuardUITests.swift; sourceTree = "<group>"; };
		930F49AD2AFCD52B0094A97E /* IOS_SafeGuardUITestsLaunchTests.swift */ = {isa = PBXFileReference; lastKnownFileType = sourcecode.swift; path = IOS_SafeGuardUITestsLaunchTests.swift; sourceTree = "<group>"; };
		930F49C22AFCD9CC0094A97E /* SignUpViewModel.swift */ = {isa = PBXFileReference; lastKnownFileType = sourcecode.swift; path = SignUpViewModel.swift; sourceTree = "<group>"; };
		93DA559C2B13C6720046548B /* SignInView.swift */ = {isa = PBXFileReference; lastKnownFileType = sourcecode.swift; path = SignInView.swift; sourceTree = "<group>"; };
		93DA55A42B1402B30046548B /* SignUpView.swift */ = {isa = PBXFileReference; lastKnownFileType = sourcecode.swift; path = SignUpView.swift; sourceTree = "<group>"; };
		93DA55A62B1411CB0046548B /* NetworkConstants.swift */ = {isa = PBXFileReference; lastKnownFileType = sourcecode.swift; path = NetworkConstants.swift; sourceTree = "<group>"; };
		93DA55A82B14122B0046548B /* NetworkError.swift */ = {isa = PBXFileReference; lastKnownFileType = sourcecode.swift; path = NetworkError.swift; sourceTree = "<group>"; };
		93DA55AC2B1415A00046548B /* Login.swift */ = {isa = PBXFileReference; lastKnownFileType = sourcecode.swift; path = Login.swift; sourceTree = "<group>"; };
		93DA55B22B1420D70046548B /* APIService.swift */ = {isa = PBXFileReference; lastKnownFileType = sourcecode.swift; path = APIService.swift; sourceTree = "<group>"; };
		93DA55B82B142D040046548B /* UserRepository.swift */ = {isa = PBXFileReference; lastKnownFileType = sourcecode.swift; path = UserRepository.swift; sourceTree = "<group>"; };
		93DA55BA2B142D230046548B /* UserRepositoryImpl.swift */ = {isa = PBXFileReference; lastKnownFileType = sourcecode.swift; path = UserRepositoryImpl.swift; sourceTree = "<group>"; };
		93DA55BC2B1451380046548B /* WebServiceProvider.swift */ = {isa = PBXFileReference; lastKnownFileType = sourcecode.swift; path = WebServiceProvider.swift; sourceTree = "<group>"; };
		93E9CF202B14FF87007A147E /* DisplayUserProfileView.swift */ = {isa = PBXFileReference; lastKnownFileType = sourcecode.swift; path = DisplayUserProfileView.swift; sourceTree = "<group>"; };
		93E9CF222B15081D007A147E /* SplashScreenView.swift */ = {isa = PBXFileReference; lastKnownFileType = sourcecode.swift; path = SplashScreenView.swift; sourceTree = "<group>"; };
		93F392192B12C83700A63B62 /* UserEndPoint.swift */ = {isa = PBXFileReference; lastKnownFileType = sourcecode.swift; path = UserEndPoint.swift; sourceTree = "<group>"; };
		93F3921B2B12C85D00A63B62 /* APIManager.swift */ = {isa = PBXFileReference; lastKnownFileType = sourcecode.swift; path = APIManager.swift; sourceTree = "<group>"; };
		93F3921D2B12C87E00A63B62 /* User.swift */ = {isa = PBXFileReference; lastKnownFileType = sourcecode.swift; path = User.swift; sourceTree = "<group>"; };
/* End PBXFileReference section */

/* Begin PBXFrameworksBuildPhase section */
		930F498A2AFCD52A0094A97E /* Frameworks */ = {
			isa = PBXFrameworksBuildPhase;
			buildActionMask = 2147483647;
			files = (
				93E9CF262B15103A007A147E /* Kingfisher in Frameworks */,
			);
			runOnlyForDeploymentPostprocessing = 0;
		};
		930F499A2AFCD52B0094A97E /* Frameworks */ = {
			isa = PBXFrameworksBuildPhase;
			buildActionMask = 2147483647;
			files = (
			);
			runOnlyForDeploymentPostprocessing = 0;
		};
		930F49A42AFCD52B0094A97E /* Frameworks */ = {
			isa = PBXFrameworksBuildPhase;
			buildActionMask = 2147483647;
			files = (
			);
			runOnlyForDeploymentPostprocessing = 0;
		};
/* End PBXFrameworksBuildPhase section */

/* Begin PBXGroup section */
		889490C92B1535CB006CF4DB /* programme */ = {
			isa = PBXGroup;
			children = (
				889490D32B154343006CF4DB /* ProgramView.swift */,
				889490D52B1550F7006CF4DB /* ProgramCardView.swift */,
				887544772B164B0B0027BD33 /* CoursCardView.swift */,
				887544792B164E930027BD33 /* CoursView.swift */,
				8875447B2B1657550027BD33 /* ContenuCardView.swift */,
				882738D52B1682AA003EA597 /* ContenuView.swift */,
				882738D92B16A6D1003EA597 /* CommentsView.swift */,
				882738DF2B16A862003EA597 /* CommentCardView.swift */,
				882738E12B16C1F0003EA597 /* FavoriView.swift */,
				8855E2A92B17C4FC003D29A3 /* FavoriCardView.swift */,
			);
			path = programme;
			sourceTree = "<group>";
		};
		930F49842AFCD52A0094A97E = {
			isa = PBXGroup;
			children = (
				930F498F2AFCD52A0094A97E /* IOS_SafeGuard */,
				930F49A02AFCD52B0094A97E /* IOS_SafeGuardTests */,
				930F49AA2AFCD52B0094A97E /* IOS_SafeGuardUITests */,
				930F498E2AFCD52A0094A97E /* Products */,
			);
			sourceTree = "<group>";
		};
		930F498E2AFCD52A0094A97E /* Products */ = {
			isa = PBXGroup;
			children = (
				930F498D2AFCD52A0094A97E /* IOS_SafeGuard.app */,
				930F499D2AFCD52B0094A97E /* IOS_SafeGuardTests.xctest */,
				930F49A72AFCD52B0094A97E /* IOS_SafeGuardUITests.xctest */,
			);
			name = Products;
			sourceTree = "<group>";
		};
		930F498F2AFCD52A0094A97E /* IOS_SafeGuard */ = {
			isa = PBXGroup;
			children = (
				93DA55B52B1427CC0046548B /* Services */,
				930F49BD2AFCD8140094A97E /* Networking */,
				930F49BC2AFCD8020094A97E /* ViewModels */,
				930F49BB2AFCD7FC0094A97E /* Views */,
				930F49BA2AFCD5600094A97E /* Models */,
				930F49902AFCD52A0094A97E /* IOS_SafeGuardApp.swift */,
				930F49942AFCD52B0094A97E /* Assets.xcassets */,
				930F49962AFCD52B0094A97E /* Preview Content */,
			);
			path = IOS_SafeGuard;
			sourceTree = "<group>";
		};
		930F49962AFCD52B0094A97E /* Preview Content */ = {
			isa = PBXGroup;
			children = (
				930F49972AFCD52B0094A97E /* Preview Assets.xcassets */,
			);
			path = "Preview Content";
			sourceTree = "<group>";
		};
		930F49A02AFCD52B0094A97E /* IOS_SafeGuardTests */ = {
			isa = PBXGroup;
			children = (
				930F49A12AFCD52B0094A97E /* IOS_SafeGuardTests.swift */,
			);
			path = IOS_SafeGuardTests;
			sourceTree = "<group>";
		};
		930F49AA2AFCD52B0094A97E /* IOS_SafeGuardUITests */ = {
			isa = PBXGroup;
			children = (
				930F49AB2AFCD52B0094A97E /* IOS_SafeGuardUITests.swift */,
				930F49AD2AFCD52B0094A97E /* IOS_SafeGuardUITestsLaunchTests.swift */,
			);
			path = IOS_SafeGuardUITests;
			sourceTree = "<group>";
		};
		930F49BA2AFCD5600094A97E /* Models */ = {
			isa = PBXGroup;
			children = (
				93F3921D2B12C87E00A63B62 /* User.swift */,
				93DA55AC2B1415A00046548B /* Login.swift */,
				889490CD2B15365F006CF4DB /* Program.swift */,
				889490D72B155B31006CF4DB /* Cours.swift */,
				882738DB2B16A7B7003EA597 /* Commentaire.swift */,
			);
			path = Models;
			sourceTree = "<group>";
		};
		930F49BB2AFCD7FC0094A97E /* Views */ = {
			isa = PBXGroup;
			children = (
				889490C92B1535CB006CF4DB /* programme */,
				93DA559C2B13C6720046548B /* SignInView.swift */,
				93DA55A42B1402B30046548B /* SignUpView.swift */,
				93E9CF202B14FF87007A147E /* DisplayUserProfileView.swift */,
				93E9CF222B15081D007A147E /* SplashScreenView.swift */,
			);
			path = Views;
			sourceTree = "<group>";
		};
		930F49BC2AFCD8020094A97E /* ViewModels */ = {
			isa = PBXGroup;
			children = (
				930F49C22AFCD9CC0094A97E /* SignUpViewModel.swift */,
				889490E12B1567FC006CF4DB /* CoursViewModel.swift */,
				888C97F02B1A40D2000CE560 /* ProgramViewModel.swift */,
			);
			path = ViewModels;
			sourceTree = "<group>";
		};
		930F49BD2AFCD8140094A97E /* Networking */ = {
			isa = PBXGroup;
			children = (
				93F392192B12C83700A63B62 /* UserEndPoint.swift */,
				93F3921B2B12C85D00A63B62 /* APIManager.swift */,
				93DA55A62B1411CB0046548B /* NetworkConstants.swift */,
				93DA55A82B14122B0046548B /* NetworkError.swift */,
				93DA55B22B1420D70046548B /* APIService.swift */,
				93DA55BC2B1451380046548B /* WebServiceProvider.swift */,
			);
			path = Networking;
			sourceTree = "<group>";
		};
		93DA55B52B1427CC0046548B /* Services */ = {
			isa = PBXGroup;
			children = (
				93DA55B82B142D040046548B /* UserRepository.swift */,
				93DA55BA2B142D230046548B /* UserRepositoryImpl.swift */,
			);
			path = Services;
			sourceTree = "<group>";
		};
/* End PBXGroup section */

/* Begin PBXNativeTarget section */
		930F498C2AFCD52A0094A97E /* IOS_SafeGuard */ = {
			isa = PBXNativeTarget;
			buildConfigurationList = 930F49B12AFCD52B0094A97E /* Build configuration list for PBXNativeTarget "IOS_SafeGuard" */;
			buildPhases = (
				930F49892AFCD52A0094A97E /* Sources */,
				930F498A2AFCD52A0094A97E /* Frameworks */,
				930F498B2AFCD52A0094A97E /* Resources */,
			);
			buildRules = (
			);
			dependencies = (
			);
			name = IOS_SafeGuard;
			packageProductDependencies = (
				93E9CF252B15103A007A147E /* Kingfisher */,
			);
			productName = IOS_SafeGuard;
			productReference = 930F498D2AFCD52A0094A97E /* IOS_SafeGuard.app */;
			productType = "com.apple.product-type.application";
		};
		930F499C2AFCD52B0094A97E /* IOS_SafeGuardTests */ = {
			isa = PBXNativeTarget;
			buildConfigurationList = 930F49B42AFCD52B0094A97E /* Build configuration list for PBXNativeTarget "IOS_SafeGuardTests" */;
			buildPhases = (
				930F49992AFCD52B0094A97E /* Sources */,
				930F499A2AFCD52B0094A97E /* Frameworks */,
				930F499B2AFCD52B0094A97E /* Resources */,
			);
			buildRules = (
			);
			dependencies = (
				930F499F2AFCD52B0094A97E /* PBXTargetDependency */,
			);
			name = IOS_SafeGuardTests;
			productName = IOS_SafeGuardTests;
			productReference = 930F499D2AFCD52B0094A97E /* IOS_SafeGuardTests.xctest */;
			productType = "com.apple.product-type.bundle.unit-test";
		};
		930F49A62AFCD52B0094A97E /* IOS_SafeGuardUITests */ = {
			isa = PBXNativeTarget;
			buildConfigurationList = 930F49B72AFCD52B0094A97E /* Build configuration list for PBXNativeTarget "IOS_SafeGuardUITests" */;
			buildPhases = (
				930F49A32AFCD52B0094A97E /* Sources */,
				930F49A42AFCD52B0094A97E /* Frameworks */,
				930F49A52AFCD52B0094A97E /* Resources */,
			);
			buildRules = (
			);
			dependencies = (
				930F49A92AFCD52B0094A97E /* PBXTargetDependency */,
			);
			name = IOS_SafeGuardUITests;
			productName = IOS_SafeGuardUITests;
			productReference = 930F49A72AFCD52B0094A97E /* IOS_SafeGuardUITests.xctest */;
			productType = "com.apple.product-type.bundle.ui-testing";
		};
/* End PBXNativeTarget section */

/* Begin PBXProject section */
		930F49852AFCD52A0094A97E /* Project object */ = {
			isa = PBXProject;
			attributes = {
				BuildIndependentTargetsInParallel = 1;
				LastSwiftUpdateCheck = 1500;
				LastUpgradeCheck = 1500;
				TargetAttributes = {
					930F498C2AFCD52A0094A97E = {
						CreatedOnToolsVersion = 15.0.1;
					};
					930F499C2AFCD52B0094A97E = {
						CreatedOnToolsVersion = 15.0.1;
						TestTargetID = 930F498C2AFCD52A0094A97E;
					};
					930F49A62AFCD52B0094A97E = {
						CreatedOnToolsVersion = 15.0.1;
						TestTargetID = 930F498C2AFCD52A0094A97E;
					};
				};
			};
			buildConfigurationList = 930F49882AFCD52A0094A97E /* Build configuration list for PBXProject "IOS_SafeGuard" */;
			compatibilityVersion = "Xcode 14.0";
			developmentRegion = en;
			hasScannedForEncodings = 0;
			knownRegions = (
				en,
				Base,
			);
			mainGroup = 930F49842AFCD52A0094A97E;
			packageReferences = (
				93E9CF242B15103A007A147E /* XCRemoteSwiftPackageReference "Kingfisher" */,
			);
			productRefGroup = 930F498E2AFCD52A0094A97E /* Products */;
			projectDirPath = "";
			projectRoot = "";
			targets = (
				930F498C2AFCD52A0094A97E /* IOS_SafeGuard */,
				930F499C2AFCD52B0094A97E /* IOS_SafeGuardTests */,
				930F49A62AFCD52B0094A97E /* IOS_SafeGuardUITests */,
			);
		};
/* End PBXProject section */

/* Begin PBXResourcesBuildPhase section */
		930F498B2AFCD52A0094A97E /* Resources */ = {
			isa = PBXResourcesBuildPhase;
			buildActionMask = 2147483647;
			files = (
				930F49982AFCD52B0094A97E /* Preview Assets.xcassets in Resources */,
				930F49952AFCD52B0094A97E /* Assets.xcassets in Resources */,
			);
			runOnlyForDeploymentPostprocessing = 0;
		};
		930F499B2AFCD52B0094A97E /* Resources */ = {
			isa = PBXResourcesBuildPhase;
			buildActionMask = 2147483647;
			files = (
			);
			runOnlyForDeploymentPostprocessing = 0;
		};
		930F49A52AFCD52B0094A97E /* Resources */ = {
			isa = PBXResourcesBuildPhase;
			buildActionMask = 2147483647;
			files = (
			);
			runOnlyForDeploymentPostprocessing = 0;
		};
/* End PBXResourcesBuildPhase section */

/* Begin PBXSourcesBuildPhase section */
		930F49892AFCD52A0094A97E /* Sources */ = {
			isa = PBXSourcesBuildPhase;
			buildActionMask = 2147483647;
			files = (
				93DA55B92B142D040046548B /* UserRepository.swift in Sources */,
				8875447A2B164E930027BD33 /* CoursView.swift in Sources */,
				882738DA2B16A6D1003EA597 /* CommentsView.swift in Sources */,
				888C97F12B1A40D2000CE560 /* ProgramViewModel.swift in Sources */,
				93DA55BD2B1451390046548B /* WebServiceProvider.swift in Sources */,
				882738DC2B16A7B7003EA597 /* Commentaire.swift in Sources */,
				93DA559D2B13C6720046548B /* SignInView.swift in Sources */,
				889490E22B1567FC006CF4DB /* CoursViewModel.swift in Sources */,
				93DA55BB2B142D230046548B /* UserRepositoryImpl.swift in Sources */,
				93E9CF212B14FF87007A147E /* DisplayUserProfileView.swift in Sources */,
				93DA55AD2B1415A00046548B /* Login.swift in Sources */,
				93DA55A72B1411CB0046548B /* NetworkConstants.swift in Sources */,
				93E9CF232B15081D007A147E /* SplashScreenView.swift in Sources */,
				93DA55B32B1420D70046548B /* APIService.swift in Sources */,
				93F3921C2B12C85D00A63B62 /* APIManager.swift in Sources */,
				889490D42B154343006CF4DB /* ProgramView.swift in Sources */,
				882738E02B16A862003EA597 /* CommentCardView.swift in Sources */,
				889490D82B155B31006CF4DB /* Cours.swift in Sources */,
				8855E2AA2B17C4FD003D29A3 /* FavoriCardView.swift in Sources */,
				930F49C32AFCD9CC0094A97E /* SignUpViewModel.swift in Sources */,
				889490D62B1550F7006CF4DB /* ProgramCardView.swift in Sources */,
				93F3921A2B12C83700A63B62 /* UserEndPoint.swift in Sources */,
				882738D62B1682AA003EA597 /* ContenuView.swift in Sources */,
				8875447C2B1657550027BD33 /* ContenuCardView.swift in Sources */,
				93F3921E2B12C87E00A63B62 /* User.swift in Sources */,
				889490CE2B15365F006CF4DB /* Program.swift in Sources */,
				93DA55A52B1402B30046548B /* SignUpView.swift in Sources */,
				93DA55A92B14122C0046548B /* NetworkError.swift in Sources */,
				882738E22B16C1F0003EA597 /* FavoriView.swift in Sources */,
				930F49912AFCD52A0094A97E /* IOS_SafeGuardApp.swift in Sources */,
				887544782B164B0B0027BD33 /* CoursCardView.swift in Sources */,
			);
			runOnlyForDeploymentPostprocessing = 0;
		};
		930F49992AFCD52B0094A97E /* Sources */ = {
			isa = PBXSourcesBuildPhase;
			buildActionMask = 2147483647;
			files = (
				930F49A22AFCD52B0094A97E /* IOS_SafeGuardTests.swift in Sources */,
			);
			runOnlyForDeploymentPostprocessing = 0;
		};
		930F49A32AFCD52B0094A97E /* Sources */ = {
			isa = PBXSourcesBuildPhase;
			buildActionMask = 2147483647;
			files = (
				930F49AC2AFCD52B0094A97E /* IOS_SafeGuardUITests.swift in Sources */,
				930F49AE2AFCD52B0094A97E /* IOS_SafeGuardUITestsLaunchTests.swift in Sources */,
			);
			runOnlyForDeploymentPostprocessing = 0;
		};
/* End PBXSourcesBuildPhase section */

/* Begin PBXTargetDependency section */
		930F499F2AFCD52B0094A97E /* PBXTargetDependency */ = {
			isa = PBXTargetDependency;
			target = 930F498C2AFCD52A0094A97E /* IOS_SafeGuard */;
			targetProxy = 930F499E2AFCD52B0094A97E /* PBXContainerItemProxy */;
		};
		930F49A92AFCD52B0094A97E /* PBXTargetDependency */ = {
			isa = PBXTargetDependency;
			target = 930F498C2AFCD52A0094A97E /* IOS_SafeGuard */;
			targetProxy = 930F49A82AFCD52B0094A97E /* PBXContainerItemProxy */;
		};
/* End PBXTargetDependency section */

/* Begin XCBuildConfiguration section */
		930F49AF2AFCD52B0094A97E /* Debug */ = {
			isa = XCBuildConfiguration;
			buildSettings = {
				ALWAYS_SEARCH_USER_PATHS = NO;
				ASSETCATALOG_COMPILER_GENERATE_SWIFT_ASSET_SYMBOL_EXTENSIONS = YES;
				CLANG_ANALYZER_NONNULL = YES;
				CLANG_ANALYZER_NUMBER_OBJECT_CONVERSION = YES_AGGRESSIVE;
				CLANG_CXX_LANGUAGE_STANDARD = "gnu++20";
				CLANG_ENABLE_MODULES = YES;
				CLANG_ENABLE_OBJC_ARC = YES;
				CLANG_ENABLE_OBJC_WEAK = YES;
				CLANG_WARN_BLOCK_CAPTURE_AUTORELEASING = YES;
				CLANG_WARN_BOOL_CONVERSION = YES;
				CLANG_WARN_COMMA = YES;
				CLANG_WARN_CONSTANT_CONVERSION = YES;
				CLANG_WARN_DEPRECATED_OBJC_IMPLEMENTATIONS = YES;
				CLANG_WARN_DIRECT_OBJC_ISA_USAGE = YES_ERROR;
				CLANG_WARN_DOCUMENTATION_COMMENTS = YES;
				CLANG_WARN_EMPTY_BODY = YES;
				CLANG_WARN_ENUM_CONVERSION = YES;
				CLANG_WARN_INFINITE_RECURSION = YES;
				CLANG_WARN_INT_CONVERSION = YES;
				CLANG_WARN_NON_LITERAL_NULL_CONVERSION = YES;
				CLANG_WARN_OBJC_IMPLICIT_RETAIN_SELF = YES;
				CLANG_WARN_OBJC_LITERAL_CONVERSION = YES;
				CLANG_WARN_OBJC_ROOT_CLASS = YES_ERROR;
				CLANG_WARN_QUOTED_INCLUDE_IN_FRAMEWORK_HEADER = YES;
				CLANG_WARN_RANGE_LOOP_ANALYSIS = YES;
				CLANG_WARN_STRICT_PROTOTYPES = YES;
				CLANG_WARN_SUSPICIOUS_MOVE = YES;
				CLANG_WARN_UNGUARDED_AVAILABILITY = YES_AGGRESSIVE;
				CLANG_WARN_UNREACHABLE_CODE = YES;
				CLANG_WARN__DUPLICATE_METHOD_MATCH = YES;
				COPY_PHASE_STRIP = NO;
				DEBUG_INFORMATION_FORMAT = dwarf;
				ENABLE_STRICT_OBJC_MSGSEND = YES;
				ENABLE_TESTABILITY = YES;
				ENABLE_USER_SCRIPT_SANDBOXING = YES;
				GCC_C_LANGUAGE_STANDARD = gnu17;
				GCC_DYNAMIC_NO_PIC = NO;
				GCC_NO_COMMON_BLOCKS = YES;
				GCC_OPTIMIZATION_LEVEL = 0;
				GCC_PREPROCESSOR_DEFINITIONS = (
					"DEBUG=1",
					"$(inherited)",
				);
				GCC_WARN_64_TO_32_BIT_CONVERSION = YES;
				GCC_WARN_ABOUT_RETURN_TYPE = YES_ERROR;
				GCC_WARN_UNDECLARED_SELECTOR = YES;
				GCC_WARN_UNINITIALIZED_AUTOS = YES_AGGRESSIVE;
				GCC_WARN_UNUSED_FUNCTION = YES;
				GCC_WARN_UNUSED_VARIABLE = YES;
				IPHONEOS_DEPLOYMENT_TARGET = 17.0;
				LOCALIZATION_PREFERS_STRING_CATALOGS = YES;
				MTL_ENABLE_DEBUG_INFO = INCLUDE_SOURCE;
				MTL_FAST_MATH = YES;
				ONLY_ACTIVE_ARCH = YES;
				SDKROOT = iphoneos;
				SWIFT_ACTIVE_COMPILATION_CONDITIONS = "DEBUG $(inherited)";
				SWIFT_OPTIMIZATION_LEVEL = "-Onone";
			};
			name = Debug;
		};
		930F49B02AFCD52B0094A97E /* Release */ = {
			isa = XCBuildConfiguration;
			buildSettings = {
				ALWAYS_SEARCH_USER_PATHS = NO;
				ASSETCATALOG_COMPILER_GENERATE_SWIFT_ASSET_SYMBOL_EXTENSIONS = YES;
				CLANG_ANALYZER_NONNULL = YES;
				CLANG_ANALYZER_NUMBER_OBJECT_CONVERSION = YES_AGGRESSIVE;
				CLANG_CXX_LANGUAGE_STANDARD = "gnu++20";
				CLANG_ENABLE_MODULES = YES;
				CLANG_ENABLE_OBJC_ARC = YES;
				CLANG_ENABLE_OBJC_WEAK = YES;
				CLANG_WARN_BLOCK_CAPTURE_AUTORELEASING = YES;
				CLANG_WARN_BOOL_CONVERSION = YES;
				CLANG_WARN_COMMA = YES;
				CLANG_WARN_CONSTANT_CONVERSION = YES;
				CLANG_WARN_DEPRECATED_OBJC_IMPLEMENTATIONS = YES;
				CLANG_WARN_DIRECT_OBJC_ISA_USAGE = YES_ERROR;
				CLANG_WARN_DOCUMENTATION_COMMENTS = YES;
				CLANG_WARN_EMPTY_BODY = YES;
				CLANG_WARN_ENUM_CONVERSION = YES;
				CLANG_WARN_INFINITE_RECURSION = YES;
				CLANG_WARN_INT_CONVERSION = YES;
				CLANG_WARN_NON_LITERAL_NULL_CONVERSION = YES;
				CLANG_WARN_OBJC_IMPLICIT_RETAIN_SELF = YES;
				CLANG_WARN_OBJC_LITERAL_CONVERSION = YES;
				CLANG_WARN_OBJC_ROOT_CLASS = YES_ERROR;
				CLANG_WARN_QUOTED_INCLUDE_IN_FRAMEWORK_HEADER = YES;
				CLANG_WARN_RANGE_LOOP_ANALYSIS = YES;
				CLANG_WARN_STRICT_PROTOTYPES = YES;
				CLANG_WARN_SUSPICIOUS_MOVE = YES;
				CLANG_WARN_UNGUARDED_AVAILABILITY = YES_AGGRESSIVE;
				CLANG_WARN_UNREACHABLE_CODE = YES;
				CLANG_WARN__DUPLICATE_METHOD_MATCH = YES;
				COPY_PHASE_STRIP = NO;
				DEBUG_INFORMATION_FORMAT = "dwarf-with-dsym";
				ENABLE_NS_ASSERTIONS = NO;
				ENABLE_STRICT_OBJC_MSGSEND = YES;
				ENABLE_USER_SCRIPT_SANDBOXING = YES;
				GCC_C_LANGUAGE_STANDARD = gnu17;
				GCC_NO_COMMON_BLOCKS = YES;
				GCC_WARN_64_TO_32_BIT_CONVERSION = YES;
				GCC_WARN_ABOUT_RETURN_TYPE = YES_ERROR;
				GCC_WARN_UNDECLARED_SELECTOR = YES;
				GCC_WARN_UNINITIALIZED_AUTOS = YES_AGGRESSIVE;
				GCC_WARN_UNUSED_FUNCTION = YES;
				GCC_WARN_UNUSED_VARIABLE = YES;
				IPHONEOS_DEPLOYMENT_TARGET = 17.0;
				LOCALIZATION_PREFERS_STRING_CATALOGS = YES;
				MTL_ENABLE_DEBUG_INFO = NO;
				MTL_FAST_MATH = YES;
				SDKROOT = iphoneos;
				SWIFT_COMPILATION_MODE = wholemodule;
				VALIDATE_PRODUCT = YES;
			};
			name = Release;
		};
		930F49B22AFCD52B0094A97E /* Debug */ = {
			isa = XCBuildConfiguration;
			buildSettings = {
				ASSETCATALOG_COMPILER_APPICON_NAME = AppIcon;
				ASSETCATALOG_COMPILER_GLOBAL_ACCENT_COLOR_NAME = AccentColor;
				CODE_SIGN_STYLE = Automatic;
				CURRENT_PROJECT_VERSION = 1;
				DEVELOPMENT_ASSET_PATHS = "\"IOS_SafeGuard/Preview Content\"";
				ENABLE_PREVIEWS = YES;
				GENERATE_INFOPLIST_FILE = YES;
				INFOPLIST_KEY_UIApplicationSceneManifest_Generation = YES;
				INFOPLIST_KEY_UIApplicationSupportsIndirectInputEvents = YES;
				INFOPLIST_KEY_UILaunchScreen_Generation = YES;
				INFOPLIST_KEY_UISupportedInterfaceOrientations_iPad = "UIInterfaceOrientationPortrait UIInterfaceOrientationPortraitUpsideDown UIInterfaceOrientationLandscapeLeft UIInterfaceOrientationLandscapeRight";
				INFOPLIST_KEY_UISupportedInterfaceOrientations_iPhone = "UIInterfaceOrientationPortrait UIInterfaceOrientationLandscapeLeft UIInterfaceOrientationLandscapeRight";
				LD_RUNPATH_SEARCH_PATHS = (
					"$(inherited)",
					"@executable_path/Frameworks",
				);
				MARKETING_VERSION = 1.0;
				PRODUCT_BUNDLE_IDENTIFIER = "Safeguard.IOS-SafeGuard";
				PRODUCT_NAME = "$(TARGET_NAME)";
				SWIFT_EMIT_LOC_STRINGS = YES;
				SWIFT_VERSION = 5.0;
				TARGETED_DEVICE_FAMILY = "1,2";
			};
			name = Debug;
		};
		930F49B32AFCD52B0094A97E /* Release */ = {
			isa = XCBuildConfiguration;
			buildSettings = {
				ASSETCATALOG_COMPILER_APPICON_NAME = AppIcon;
				ASSETCATALOG_COMPILER_GLOBAL_ACCENT_COLOR_NAME = AccentColor;
				CODE_SIGN_STYLE = Automatic;
				CURRENT_PROJECT_VERSION = 1;
				DEVELOPMENT_ASSET_PATHS = "\"IOS_SafeGuard/Preview Content\"";
				ENABLE_PREVIEWS = YES;
				GENERATE_INFOPLIST_FILE = YES;
				INFOPLIST_KEY_UIApplicationSceneManifest_Generation = YES;
				INFOPLIST_KEY_UIApplicationSupportsIndirectInputEvents = YES;
				INFOPLIST_KEY_UILaunchScreen_Generation = YES;
				INFOPLIST_KEY_UISupportedInterfaceOrientations_iPad = "UIInterfaceOrientationPortrait UIInterfaceOrientationPortraitUpsideDown UIInterfaceOrientationLandscapeLeft UIInterfaceOrientationLandscapeRight";
				INFOPLIST_KEY_UISupportedInterfaceOrientations_iPhone = "UIInterfaceOrientationPortrait UIInterfaceOrientationLandscapeLeft UIInterfaceOrientationLandscapeRight";
				LD_RUNPATH_SEARCH_PATHS = (
					"$(inherited)",
					"@executable_path/Frameworks",
				);
				MARKETING_VERSION = 1.0;
				PRODUCT_BUNDLE_IDENTIFIER = "Safeguard.IOS-SafeGuard";
				PRODUCT_NAME = "$(TARGET_NAME)";
				SWIFT_EMIT_LOC_STRINGS = YES;
				SWIFT_VERSION = 5.0;
				TARGETED_DEVICE_FAMILY = "1,2";
			};
			name = Release;
		};
		930F49B52AFCD52B0094A97E /* Debug */ = {
			isa = XCBuildConfiguration;
			buildSettings = {
				ALWAYS_EMBED_SWIFT_STANDARD_LIBRARIES = YES;
				BUNDLE_LOADER = "$(TEST_HOST)";
				CODE_SIGN_STYLE = Automatic;
				CURRENT_PROJECT_VERSION = 1;
				GENERATE_INFOPLIST_FILE = YES;
				IPHONEOS_DEPLOYMENT_TARGET = 17.0;
				MARKETING_VERSION = 1.0;
				PRODUCT_BUNDLE_IDENTIFIER = "Safeguard.IOS-SafeGuardTests";
				PRODUCT_NAME = "$(TARGET_NAME)";
				SWIFT_EMIT_LOC_STRINGS = NO;
				SWIFT_VERSION = 5.0;
				TARGETED_DEVICE_FAMILY = "1,2";
				TEST_HOST = "$(BUILT_PRODUCTS_DIR)/IOS_SafeGuard.app/$(BUNDLE_EXECUTABLE_FOLDER_PATH)/IOS_SafeGuard";
			};
			name = Debug;
		};
		930F49B62AFCD52B0094A97E /* Release */ = {
			isa = XCBuildConfiguration;
			buildSettings = {
				ALWAYS_EMBED_SWIFT_STANDARD_LIBRARIES = YES;
				BUNDLE_LOADER = "$(TEST_HOST)";
				CODE_SIGN_STYLE = Automatic;
				CURRENT_PROJECT_VERSION = 1;
				GENERATE_INFOPLIST_FILE = YES;
				IPHONEOS_DEPLOYMENT_TARGET = 17.0;
				MARKETING_VERSION = 1.0;
				PRODUCT_BUNDLE_IDENTIFIER = "Safeguard.IOS-SafeGuardTests";
				PRODUCT_NAME = "$(TARGET_NAME)";
				SWIFT_EMIT_LOC_STRINGS = NO;
				SWIFT_VERSION = 5.0;
				TARGETED_DEVICE_FAMILY = "1,2";
				TEST_HOST = "$(BUILT_PRODUCTS_DIR)/IOS_SafeGuard.app/$(BUNDLE_EXECUTABLE_FOLDER_PATH)/IOS_SafeGuard";
			};
			name = Release;
		};
		930F49B82AFCD52B0094A97E /* Debug */ = {
			isa = XCBuildConfiguration;
			buildSettings = {
				ALWAYS_EMBED_SWIFT_STANDARD_LIBRARIES = YES;
				CODE_SIGN_STYLE = Automatic;
				CURRENT_PROJECT_VERSION = 1;
				GENERATE_INFOPLIST_FILE = YES;
				MARKETING_VERSION = 1.0;
				PRODUCT_BUNDLE_IDENTIFIER = "Safeguard.IOS-SafeGuardUITests";
				PRODUCT_NAME = "$(TARGET_NAME)";
				SWIFT_EMIT_LOC_STRINGS = NO;
				SWIFT_VERSION = 5.0;
				TARGETED_DEVICE_FAMILY = "1,2";
				TEST_TARGET_NAME = IOS_SafeGuard;
			};
			name = Debug;
		};
		930F49B92AFCD52B0094A97E /* Release */ = {
			isa = XCBuildConfiguration;
			buildSettings = {
				ALWAYS_EMBED_SWIFT_STANDARD_LIBRARIES = YES;
				CODE_SIGN_STYLE = Automatic;
				CURRENT_PROJECT_VERSION = 1;
				GENERATE_INFOPLIST_FILE = YES;
				MARKETING_VERSION = 1.0;
				PRODUCT_BUNDLE_IDENTIFIER = "Safeguard.IOS-SafeGuardUITests";
				PRODUCT_NAME = "$(TARGET_NAME)";
				SWIFT_EMIT_LOC_STRINGS = NO;
				SWIFT_VERSION = 5.0;
				TARGETED_DEVICE_FAMILY = "1,2";
				TEST_TARGET_NAME = IOS_SafeGuard;
			};
			name = Release;
		};
/* End XCBuildConfiguration section */

/* Begin XCConfigurationList section */
		930F49882AFCD52A0094A97E /* Build configuration list for PBXProject "IOS_SafeGuard" */ = {
			isa = XCConfigurationList;
			buildConfigurations = (
				930F49AF2AFCD52B0094A97E /* Debug */,
				930F49B02AFCD52B0094A97E /* Release */,
			);
			defaultConfigurationIsVisible = 0;
			defaultConfigurationName = Release;
		};
		930F49B12AFCD52B0094A97E /* Build configuration list for PBXNativeTarget "IOS_SafeGuard" */ = {
			isa = XCConfigurationList;
			buildConfigurations = (
				930F49B22AFCD52B0094A97E /* Debug */,
				930F49B32AFCD52B0094A97E /* Release */,
			);
			defaultConfigurationIsVisible = 0;
			defaultConfigurationName = Release;
		};
		930F49B42AFCD52B0094A97E /* Build configuration list for PBXNativeTarget "IOS_SafeGuardTests" */ = {
			isa = XCConfigurationList;
			buildConfigurations = (
				930F49B52AFCD52B0094A97E /* Debug */,
				930F49B62AFCD52B0094A97E /* Release */,
			);
			defaultConfigurationIsVisible = 0;
			defaultConfigurationName = Release;
		};
		930F49B72AFCD52B0094A97E /* Build configuration list for PBXNativeTarget "IOS_SafeGuardUITests" */ = {
			isa = XCConfigurationList;
			buildConfigurations = (
				930F49B82AFCD52B0094A97E /* Debug */,
				930F49B92AFCD52B0094A97E /* Release */,
			);
			defaultConfigurationIsVisible = 0;
			defaultConfigurationName = Release;
		};
/* End XCConfigurationList section */

/* Begin XCRemoteSwiftPackageReference section */
		93E9CF242B15103A007A147E /* XCRemoteSwiftPackageReference "Kingfisher" */ = {
			isa = XCRemoteSwiftPackageReference;
			repositoryURL = "https://github.com/onevcat/Kingfisher.git";
			requirement = {
				kind = upToNextMajorVersion;
				minimumVersion = 7.10.0;
			};
		};
/* End XCRemoteSwiftPackageReference section */

/* Begin XCSwiftPackageProductDependency section */
		93E9CF252B15103A007A147E /* Kingfisher */ = {
			isa = XCSwiftPackageProductDependency;
			package = 93E9CF242B15103A007A147E /* XCRemoteSwiftPackageReference "Kingfisher" */;
			productName = Kingfisher;
		};
/* End XCSwiftPackageProductDependency section */
	};
	rootObject = 930F49852AFCD52A0094A97E /* Project object */;
}
